
Microsoft Visual Studio Solution File, Format Version 11.00
# Visual Studio 2010
Project("{FAE04EC0-301F-11D3-BF4B-00C04F79EFBC}") = "Razz", "Razz\Razz.csproj", "{771AA53F-8E1D-4986-8265-E1A0C5B9D711}"
EndProject
Global
	GlobalSection(SolutionConfigurationPlatforms) = preSolution
		Debug|Any CPU = Debug|Any CPU
		Release|Any CPU = Release|Any CPU
	EndGlobalSection
	GlobalSection(ProjectConfigurationPlatforms) = postSolution
		{771AA53F-8E1D-4986-8265-E1A0C5B9D711}.Debug|Any CPU.ActiveCfg = Debug|Any CPU
		{771AA53F-8E1D-4986-8265-E1A0C5B9D711}.Debug|Any CPU.Build.0 = Debug|Any CPU
		{771AA53F-8E1D-4986-8265-E1A0C5B9D711}.Release|Any CPU.ActiveCfg = Release|Any CPU
		{771AA53F-8E1D-4986-8265-E1A0C5B9D711}.Release|Any CPU.Build.0 = Release|Any CPU
	EndGlobalSection
	GlobalSection(SolutionProperties) = preSolution
		HideSolutionNode = FALSE
	EndGlobalSection
EndGlobal
